
Microsoft Visual Studio Solution File, Format Version 12.00
# Visual Studio 2013
VisualStudioVersion = 12.0.20623.1 VSUPREVIEW
MinimumVisualStudioVersion = 10.0.40219.1
Project("{FAE04EC0-301F-11D3-BF4B-00C04F79EFBC}") = "Store.Services", "Store.Services\Store.Services.csproj", "{D1FFB605-541D-4F6F-A22C-4C2DAB66B25E}"
EndProject
Project("{FAE04EC0-301F-11D3-BF4B-00C04F79EFBC}") = "Store.Data", "Store.Data\Store.Data.csproj", "{56D646DE-6673-4847-96A0-99C6566B43B3}"
EndProject
Project("{2150E333-8FDC-42A3-9474-1A3956D46DE8}") = ".nuget", ".nuget", "{C39D1BA2-6EE6-4B18-B93A-94C3CF4620EA}"
	ProjectSection(SolutionItems) = preProject
		.nuget\NuGet.Config = .nuget\NuGet.Config
		.nuget\NuGet.exe = .nuget\NuGet.exe
		.nuget\NuGet.targets = .nuget\NuGet.targets
	EndProjectSection
EndProject
Project("{FAE04EC0-301F-11D3-BF4B-00C04F79EFBC}") = "Store.Models", "Store.Models\Store.Models.csproj", "{EF5C168C-525A-4D5D-83C7-B1FF462E42CF}"
EndProject
Global
	GlobalSection(SolutionConfigurationPlatforms) = preSolution
		Debug|Any CPU = Debug|Any CPU
		Release|Any CPU = Release|Any CPU
	EndGlobalSection
	GlobalSection(ProjectConfigurationPlatforms) = postSolution
		{D1FFB605-541D-4F6F-A22C-4C2DAB66B25E}.Debug|Any CPU.ActiveCfg = Debug|Any CPU
		{D1FFB605-541D-4F6F-A22C-4C2DAB66B25E}.Debug|Any CPU.Build.0 = Debug|Any CPU
		{D1FFB605-541D-4F6F-A22C-4C2DAB66B25E}.Release|Any CPU.ActiveCfg = Release|Any CPU
		{D1FFB605-541D-4F6F-A22C-4C2DAB66B25E}.Release|Any CPU.Build.0 = Release|Any CPU
		{56D646DE-6673-4847-96A0-99C6566B43B3}.Debug|Any CPU.ActiveCfg = Debug|Any CPU
		{56D646DE-6673-4847-96A0-99C6566B43B3}.Debug|Any CPU.Build.0 = Debug|Any CPU
		{56D646DE-6673-4847-96A0-99C6566B43B3}.Release|Any CPU.ActiveCfg = Release|Any CPU
		{56D646DE-6673-4847-96A0-99C6566B43B3}.Release|Any CPU.Build.0 = Release|Any CPU
		{EF5C168C-525A-4D5D-83C7-B1FF462E42CF}.Debug|Any CPU.ActiveCfg = Debug|Any CPU
		{EF5C168C-525A-4D5D-83C7-B1FF462E42CF}.Debug|Any CPU.Build.0 = Debug|Any CPU
		{EF5C168C-525A-4D5D-83C7-B1FF462E42CF}.Release|Any CPU.ActiveCfg = Release|Any CPU
		{EF5C168C-525A-4D5D-83C7-B1FF462E42CF}.Release|Any CPU.Build.0 = Release|Any CPU
	EndGlobalSection
	GlobalSection(SolutionProperties) = preSolution
		HideSolutionNode = FALSE
	EndGlobalSection
EndGlobal
